
Microsoft Visual Studio Solution File, Format Version 12.00
# Visual Studio 15
VisualStudioVersion = 15.0.28307.539
MinimumVisualStudioVersion = 10.0.40219.1
Project("{FAE04EC0-301F-11D3-BF4B-00C04F79EFBC}") = "NeoXPayout", "NeoXPayout\NeoXPayout.csproj", "{C1D7B1EE-3BEF-40EB-B05A-E526D1349AE0}"
EndProject
Global
	GlobalSection(SolutionConfigurationPlatforms) = preSolution
		Debug|Any CPU = Debug|Any CPU
		Release|Any CPU = Release|Any CPU
	EndGlobalSection
	GlobalSection(ProjectConfigurationPlatforms) = postSolution
		{C1D7B1EE-3BEF-40EB-B05A-E526D1349AE0}.Debug|Any CPU.ActiveCfg = Debug|Any CPU
		{C1D7B1EE-3BEF-40EB-B05A-E526D1349AE0}.Debug|Any CPU.Build.0 = Debug|Any CPU
		{C1D7B1EE-3BEF-40EB-B05A-E526D1349AE0}.Release|Any CPU.ActiveCfg = Release|Any CPU
		{C1D7B1EE-3BEF-40EB-B05A-E526D1349AE0}.Release|Any CPU.Build.0 = Release|Any CPU
	EndGlobalSection
	GlobalSection(SolutionProperties) = preSolution
		HideSolutionNode = FALSE
	EndGlobalSection
	GlobalSection(ExtensibilityGlobals) = postSolution
		SolutionGuid = {FD13E8DE-39C5-4468-99BF-547B9946EED6}
	EndGlobalSection
EndGlobal
